
Microsoft Visual Studio Solution File, Format Version 12.00
Project("{FAE04EC0-301F-11D3-BF4B-00C04F79EFBC}") = "RealEstateDapperApi", "RealEstateDapperApi\RealEstateDapperApi.csproj", "{CBC9606A-BD1F-4E3E-8100-FCC08A0F6032}"
EndProject
Project("{FAE04EC0-301F-11D3-BF4B-00C04F79EFBC}") = "RealEstateDapperUI", "RealEstateDapperUI\RealEstateDapperUI.csproj", "{21A485DE-E34B-4475-BE6B-1F089E12577E}"
EndProject
Global
	GlobalSection(SolutionConfigurationPlatforms) = preSolution
		Debug|Any CPU = Debug|Any CPU
		Release|Any CPU = Release|Any CPU
	EndGlobalSection
	GlobalSection(ProjectConfigurationPlatforms) = postSolution
		{CBC9606A-BD1F-4E3E-8100-FCC08A0F6032}.Debug|Any CPU.ActiveCfg = Debug|Any CPU
		{CBC9606A-BD1F-4E3E-8100-FCC08A0F6032}.Debug|Any CPU.Build.0 = Debug|Any CPU
		{CBC9606A-BD1F-4E3E-8100-FCC08A0F6032}.Release|Any CPU.ActiveCfg = Release|Any CPU
		{CBC9606A-BD1F-4E3E-8100-FCC08A0F6032}.Release|Any CPU.Build.0 = Release|Any CPU
		{21A485DE-E34B-4475-BE6B-1F089E12577E}.Debug|Any CPU.ActiveCfg = Debug|Any CPU
		{21A485DE-E34B-4475-BE6B-1F089E12577E}.Debug|Any CPU.Build.0 = Debug|Any CPU
		{21A485DE-E34B-4475-BE6B-1F089E12577E}.Release|Any CPU.ActiveCfg = Release|Any CPU
		{21A485DE-E34B-4475-BE6B-1F089E12577E}.Release|Any CPU.Build.0 = Release|Any CPU
	EndGlobalSection
EndGlobal
